// !$*UTF8*$!
{
	archiveVersion = 1;
	classes = {
	};
	objectVersion = 46;
	objects = {

/* Begin PBXBuildFile section */
		E52C68081CBC5DEF0058B156 /* MBProgressHUD.m in Sources */ = {isa = PBXBuildFile; fileRef = E52C68071CBC5DEF0058B156 /* MBProgressHUD.m */; };
		E589B9011CBC59DF005E27BD /* AFHTTPSessionManager.m in Sources */ = {isa = PBXBuildFile; fileRef = E589B8F51CBC59DF005E27BD /* AFHTTPSessionManager.m */; };
		E589B9021CBC59DF005E27BD /* AFNetworkReachabilityManager.m in Sources */ = {isa = PBXBuildFile; fileRef = E589B8F81CBC59DF005E27BD /* AFNetworkReachabilityManager.m */; };
		E589B9031CBC59DF005E27BD /* AFSecurityPolicy.m in Sources */ = {isa = PBXBuildFile; fileRef = E589B8FA1CBC59DF005E27BD /* AFSecurityPolicy.m */; };
		E589B9041CBC59DF005E27BD /* AFURLRequestSerialization.m in Sources */ = {isa = PBXBuildFile; fileRef = E589B8FC1CBC59DF005E27BD /* AFURLRequestSerialization.m */; };
		E589B9051CBC59DF005E27BD /* AFURLResponseSerialization.m in Sources */ = {isa = PBXBuildFile; fileRef = E589B8FE1CBC59DF005E27BD /* AFURLResponseSerialization.m */; };
		E589B9061CBC59DF005E27BD /* AFURLSessionManager.m in Sources */ = {isa = PBXBuildFile; fileRef = E589B9001CBC59DF005E27BD /* AFURLSessionManager.m */; };
		E5EADC611CBC1D9200676364 /* main.m in Sources */ = {isa = PBXBuildFile; fileRef = E5EADC601CBC1D9200676364 /* main.m */; };
		E5EADC641CBC1D9200676364 /* AppDelegate.m in Sources */ = {isa = PBXBuildFile; fileRef = E5EADC631CBC1D9200676364 /* AppDelegate.m */; };
		E5EADC671CBC1D9200676364 /* ViewController.m in Sources */ = {isa = PBXBuildFile; fileRef = E5EADC661CBC1D9200676364 /* ViewController.m */; };
		E5EADC6A1CBC1D9200676364 /* Main.storyboard in Resources */ = {isa = PBXBuildFile; fileRef = E5EADC681CBC1D9200676364 /* Main.storyboard */; };
		E5EADC6C1CBC1D9200676364 /* Images.xcassets in Resources */ = {isa = PBXBuildFile; fileRef = E5EADC6B1CBC1D9200676364 /* Images.xcassets */; };
		E5EADC6F1CBC1D9200676364 /* LaunchScreen.xib in Resources */ = {isa = PBXBuildFile; fileRef = E5EADC6D1CBC1D9200676364 /* LaunchScreen.xib */; };
		E5EADC7B1CBC1D9200676364 /* AcronymAssessmentTests.m in Sources */ = {isa = PBXBuildFile; fileRef = E5EADC7A1CBC1D9200676364 /* AcronymAssessmentTests.m */; };
/* End PBXBuildFile section */

/* Begin PBXContainerItemProxy section */
		E5EADC751CBC1D9200676364 /* PBXContainerItemProxy */ = {
			isa = PBXContainerItemProxy;
			containerPortal = E5EADC531CBC1D9200676364 /* Project object */;
			proxyType = 1;
			remoteGlobalIDString = E5EADC5A1CBC1D9200676364;
			remoteInfo = AcronymAssessment;
		};
/* End PBXContainerItemProxy section */

/* Begin PBXFileReference section */
		E52C68061CBC5DEF0058B156 /* MBProgressHUD.h */ = {isa = PBXFileReference; fileEncoding = 4; lastKnownFileType = sourcecode.c.h; path = MBProgressHUD.h; sourceTree = "<group>"; };
		E52C68071CBC5DEF0058B156 /* MBProgressHUD.m */ = {isa = PBXFileReference; fileEncoding = 4; lastKnownFileType = sourcecode.c.objc; path = MBProgressHUD.m; sourceTree = "<group>"; };
		E589B8F41CBC59DF005E27BD /* AFHTTPSessionManager.h */ = {isa = PBXFileReference; fileEncoding = 4; lastKnownFileType = sourcecode.c.h; path = AFHTTPSessionManager.h; sourceTree = "<group>"; };
		E589B8F51CBC59DF005E27BD /* AFHTTPSessionManager.m */ = {isa = PBXFileReference; fileEncoding = 4; lastKnownFileType = sourcecode.c.objc; path = AFHTTPSessionManager.m; sourceTree = "<group>"; };
		E589B8F61CBC59DF005E27BD /* AFNetworking.h */ = {isa = PBXFileReference; fileEncoding = 4; lastKnownFileType = sourcecode.c.h; path = AFNetworking.h; sourceTree = "<group>"; };
		E589B8F71CBC59DF005E27BD /* AFNetworkReachabilityManager.h */ = {isa = PBXFileReference; fileEncoding = 4; lastKnownFileType = sourcecode.c.h; path = AFNetworkReachabilityManager.h; sourceTree = "<group>"; };
		E589B8F81CBC59DF005E27BD /* AFNetworkReachabilityManager.m */ = {isa = PBXFileReference; fileEncoding = 4; lastKnownFileType = sourcecode.c.objc; path = AFNetworkReachabilityManager.m; sourceTree = "<group>"; };
		E589B8F91CBC59DF005E27BD /* AFSecurityPolicy.h */ = {isa = PBXFileReference; fileEncoding = 4; lastKnownFileType = sourcecode.c.h; path = AFSecurityPolicy.h; sourceTree = "<group>"; };
		E589B8FA1CBC59DF005E27BD /* AFSecurityPolicy.m */ = {isa = PBXFileReference; fileEncoding = 4; lastKnownFileType = sourcecode.c.objc; path = AFSecurityPolicy.m; sourceTree = "<group>"; };
		E589B8FB1CBC59DF005E27BD /* AFURLRequestSerialization.h */ = {isa = PBXFileReference; fileEncoding = 4; lastKnownFileType = sourcecode.c.h; path = AFURLRequestSerialization.h; sourceTree = "<group>"; };
		E589B8FC1CBC59DF005E27BD /* AFURLRequestSerialization.m */ = {isa = PBXFileReference; fileEncoding = 4; lastKnownFileType = sourcecode.c.objc; path = AFURLRequestSerialization.m; sourceTree = "<group>"; };
		E589B8FD1CBC59DF005E27BD /* AFURLResponseSerialization.h */ = {isa = PBXFileReference; fileEncoding = 4; lastKnownFileType = sourcecode.c.h; path = AFURLResponseSerialization.h; sourceTree = "<group>"; };
		E589B8FE1CBC59DF005E27BD /* AFURLResponseSerialization.m */ = {isa = PBXFileReference; fileEncoding = 4; lastKnownFileType = sourcecode.c.objc; path = AFURLResponseSerialization.m; sourceTree = "<group>"; };
		E589B8FF1CBC59DF005E27BD /* AFURLSessionManager.h */ = {isa = PBXFileReference; fileEncoding = 4; lastKnownFileType = sourcecode.c.h; path = AFURLSessionManager.h; sourceTree = "<group>"; };
		E589B9001CBC59DF005E27BD /* AFURLSessionManager.m */ = {isa = PBXFileReference; fileEncoding = 4; lastKnownFileType = sourcecode.c.objc; path = AFURLSessionManager.m; sourceTree = "<group>"; };
		E5EADC5B1CBC1D9200676364 /* AcronymAssessment.app */ = {isa = PBXFileReference; explicitFileType = wrapper.application; includeInIndex = 0; path = AcronymAssessment.app; sourceTree = BUILT_PRODUCTS_DIR; };
		E5EADC5F1CBC1D9200676364 /* Info.plist */ = {isa = PBXFileReference; lastKnownFileType = text.plist.xml; path = Info.plist; sourceTree = "<group>"; };
		E5EADC601CBC1D9200676364 /* main.m */ = {isa = PBXFileReference; lastKnownFileType = sourcecode.c.objc; path = main.m; sourceTree = "<group>"; };
		E5EADC621CBC1D9200676364 /* AppDelegate.h */ = {isa = PBXFileReference; lastKnownFileType = sourcecode.c.h; path = AppDelegate.h; sourceTree = "<group>"; };
		E5EADC631CBC1D9200676364 /* AppDelegate.m */ = {isa = PBXFileReference; lastKnownFileType = sourcecode.c.objc; path = AppDelegate.m; sourceTree = "<group>"; };
		E5EADC651CBC1D9200676364 /* ViewController.h */ = {isa = PBXFileReference; lastKnownFileType = sourcecode.c.h; path = ViewController.h; sourceTree = "<group>"; };
		E5EADC661CBC1D9200676364 /* ViewController.m */ = {isa = PBXFileReference; lastKnownFileType = sourcecode.c.objc; path = ViewController.m; sourceTree = "<group>"; };
		E5EADC691CBC1D9200676364 /* Base */ = {isa = PBXFileReference; lastKnownFileType = file.storyboard; name = Base; path = Base.lproj/Main.storyboard; sourceTree = "<group>"; };
		E5EADC6B1CBC1D9200676364 /* Images.xcassets */ = {isa = PBXFileReference; lastKnownFileType = folder.assetcatalog; path = Images.xcassets; sourceTree = "<group>"; };
		E5EADC6E1CBC1D9200676364 /* Base */ = {isa = PBXFileReference; lastKnownFileType = file.xib; name = Base; path = Base.lproj/LaunchScreen.xib; sourceTree = "<group>"; };
		E5EADC741CBC1D9200676364 /* AcronymAssessmentTests.xctest */ = {isa = PBXFileReference; explicitFileType = wrapper.cfbundle; includeInIndex = 0; path = AcronymAssessmentTests.xctest; sourceTree = BUILT_PRODUCTS_DIR; };
		E5EADC791CBC1D9200676364 /* Info.plist */ = {isa = PBXFileReference; lastKnownFileType = text.plist.xml; path = Info.plist; sourceTree = "<group>"; };
		E5EADC7A1CBC1D9200676364 /* AcronymAssessmentTests.m */ = {isa = PBXFileReference; lastKnownFileType = sourcecode.c.objc; path = AcronymAssessmentTests.m; sourceTree = "<group>"; };
/* End PBXFileReference section */

/* Begin PBXFrameworksBuildPhase section */
		E5EADC581CBC1D9200676364 /* Frameworks */ = {
			isa = PBXFrameworksBuildPhase;
			buildActionMask = 2147483647;
			files = (
			);
			runOnlyForDeploymentPostprocessing = 0;
		};
		E5EADC711CBC1D9200676364 /* Frameworks */ = {
			isa = PBXFrameworksBuildPhase;
			buildActionMask = 2147483647;
			files = (
			);
			runOnlyForDeploymentPostprocessing = 0;
		};
/* End PBXFrameworksBuildPhase section */

/* Begin PBXGroup section */
		E589B8F31CBC59DF005E27BD /* AFNetworking */ = {
			isa = PBXGroup;
			children = (
				E589B8F41CBC59DF005E27BD /* AFHTTPSessionManager.h */,
				E589B8F51CBC59DF005E27BD /* AFHTTPSessionManager.m */,
				E589B8F61CBC59DF005E27BD /* AFNetworking.h */,
				E589B8F71CBC59DF005E27BD /* AFNetworkReachabilityManager.h */,
				E589B8F81CBC59DF005E27BD /* AFNetworkReachabilityManager.m */,
				E589B8F91CBC59DF005E27BD /* AFSecurityPolicy.h */,
				E589B8FA1CBC59DF005E27BD /* AFSecurityPolicy.m */,
				E589B8FB1CBC59DF005E27BD /* AFURLRequestSerialization.h */,
				E589B8FC1CBC59DF005E27BD /* AFURLRequestSerialization.m */,
				E589B8FD1CBC59DF005E27BD /* AFURLResponseSerialization.h */,
				E589B8FE1CBC59DF005E27BD /* AFURLResponseSerialization.m */,
				E589B8FF1CBC59DF005E27BD /* AFURLSessionManager.h */,
				E589B9001CBC59DF005E27BD /* AFURLSessionManager.m */,
			);
			path = AFNetworking;
			sourceTree = "<group>";
		};
		E5EADC521CBC1D9200676364 = {
			isa = PBXGroup;
			children = (
				E52C68061CBC5DEF0058B156 /* MBProgressHUD.h */,
				E52C68071CBC5DEF0058B156 /* MBProgressHUD.m */,
				E589B8F31CBC59DF005E27BD /* AFNetworking */,
				E5EADC5D1CBC1D9200676364 /* AcronymAssessment */,
				E5EADC771CBC1D9200676364 /* AcronymAssessmentTests */,
				E5EADC5C1CBC1D9200676364 /* Products */,
			);
			sourceTree = "<group>";
		};
		E5EADC5C1CBC1D9200676364 /* Products */ = {
			isa = PBXGroup;
			children = (
				E5EADC5B1CBC1D9200676364 /* AcronymAssessment.app */,
				E5EADC741CBC1D9200676364 /* AcronymAssessmentTests.xctest */,
			);
			name = Products;
			sourceTree = "<group>";
		};
		E5EADC5D1CBC1D9200676364 /* AcronymAssessment */ = {
			isa = PBXGroup;
			children = (
				E5EADC621CBC1D9200676364 /* AppDelegate.h */,
				E5EADC631CBC1D9200676364 /* AppDelegate.m */,
				E5EADC651CBC1D9200676364 /* ViewController.h */,
				E5EADC661CBC1D9200676364 /* ViewController.m */,
				E5EADC681CBC1D9200676364 /* Main.storyboard */,
				E5EADC6B1CBC1D9200676364 /* Images.xcassets */,
				E5EADC6D1CBC1D9200676364 /* LaunchScreen.xib */,
				E5EADC5E1CBC1D9200676364 /* Supporting Files */,
			);
			path = AcronymAssessment;
			sourceTree = "<group>";
		};
		E5EADC5E1CBC1D9200676364 /* Supporting Files */ = {
			isa = PBXGroup;
			children = (
				E5EADC5F1CBC1D9200676364 /* Info.plist */,
				E5EADC601CBC1D9200676364 /* main.m */,
			);
			name = "Supporting Files";
			sourceTree = "<group>";
		};
		E5EADC771CBC1D9200676364 /* AcronymAssessmentTests */ = {
			isa = PBXGroup;
			children = (
				E5EADC7A1CBC1D9200676364 /* AcronymAssessmentTests.m */,
				E5EADC781CBC1D9200676364 /* Supporting Files */,
			);
			path = AcronymAssessmentTests;
			sourceTree = "<group>";
		};
		E5EADC781CBC1D9200676364 /* Supporting Files */ = {
			isa = PBXGroup;
			children = (
				E5EADC791CBC1D9200676364 /* Info.plist */,
			);
			name = "Supporting Files";
			sourceTree = "<group>";
		};
/* End PBXGroup section */

/* Begin PBXNativeTarget section */
		E5EADC5A1CBC1D9200676364 /* AcronymAssessment */ = {
			isa = PBXNativeTarget;
			buildConfigurationList = E5EADC7E1CBC1D9200676364 /* Build configuration list for PBXNativeTarget "AcronymAssessment" */;
			buildPhases = (
				E5EADC571CBC1D9200676364 /* Sources */,
				E5EADC581CBC1D9200676364 /* Frameworks */,
				E5EADC591CBC1D9200676364 /* Resources */,
			);
			buildRules = (
			);
			dependencies = (
			);
			name = AcronymAssessment;
			productName = AcronymAssessment;
			productReference = E5EADC5B1CBC1D9200676364 /* AcronymAssessment.app */;
			productType = "com.apple.product-type.application";
		};
		E5EADC731CBC1D9200676364 /* AcronymAssessmentTests */ = {
			isa = PBXNativeTarget;
			buildConfigurationList = E5EADC811CBC1D9200676364 /* Build configuration list for PBXNativeTarget "AcronymAssessmentTests" */;
			buildPhases = (
				E5EADC701CBC1D9200676364 /* Sources */,
				E5EADC711CBC1D9200676364 /* Frameworks */,
				E5EADC721CBC1D9200676364 /* Resources */,
			);
			buildRules = (
			);
			dependencies = (
				E5EADC761CBC1D9200676364 /* PBXTargetDependency */,
			);
			name = AcronymAssessmentTests;
			productName = AcronymAssessmentTests;
			productReference = E5EADC741CBC1D9200676364 /* AcronymAssessmentTests.xctest */;
			productType = "com.apple.product-type.bundle.unit-test";
		};
/* End PBXNativeTarget section */

/* Begin PBXProject section */
		E5EADC531CBC1D9200676364 /* Project object */ = {
			isa = PBXProject;
			attributes = {
				LastSwiftUpdateCheck = 0700;
				LastUpgradeCheck = 0640;
				ORGANIZATIONNAME = "Makkena, Ramakrishna";
				TargetAttributes = {
					E5EADC5A1CBC1D9200676364 = {
						CreatedOnToolsVersion = 6.4;
					};
					E5EADC731CBC1D9200676364 = {
						CreatedOnToolsVersion = 6.4;
						TestTargetID = E5EADC5A1CBC1D9200676364;
					};
				};
			};
			buildConfigurationList = E5EADC561CBC1D9200676364 /* Build configuration list for PBXProject "AcronymAssessment" */;
			compatibilityVersion = "Xcode 3.2";
			developmentRegion = English;
			hasScannedForEncodings = 0;
			knownRegions = (
				en,
				Base,
			);
			mainGroup = E5EADC521CBC1D9200676364;
			productRefGroup = E5EADC5C1CBC1D9200676364 /* Products */;
			projectDirPath = "";
			projectRoot = "";
			targets = (
				E5EADC5A1CBC1D9200676364 /* AcronymAssessment */,
				E5EADC731CBC1D9200676364 /* AcronymAssessmentTests */,
			);
		};
/* End PBXProject section */

/* Begin PBXResourcesBuildPhase section */
		E5EADC591CBC1D9200676364 /* Resources */ = {
			isa = PBXResourcesBuildPhase;
			buildActionMask = 2147483647;
			files = (
				E5EADC6A1CBC1D9200676364 /* Main.storyboard in Resources */,
				E5EADC6F1CBC1D9200676364 /* LaunchScreen.xib in Resources */,
				E5EADC6C1CBC1D9200676364 /* Images.xcassets in Resources */,
			);
			runOnlyForDeploymentPostprocessing = 0;
		};
		E5EADC721CBC1D9200676364 /* Resources */ = {
			isa = PBXResourcesBuildPhase;
			buildActionMask = 2147483647;
			files = (
			);
			runOnlyForDeploymentPostprocessing = 0;
		};
/* End PBXResourcesBuildPhase section */

/* Begin PBXSourcesBuildPhase section */
		E5EADC571CBC1D9200676364 /* Sources */ = {
			isa = PBXSourcesBuildPhase;
			buildActionMask = 2147483647;
			files = (
				E589B9061CBC59DF005E27BD /* AFURLSessionManager.m in Sources */,
				E5EADC671CBC1D9200676364 /* ViewController.m in Sources */,
				E5EADC641CBC1D9200676364 /* AppDelegate.m in Sources */,
				E589B9021CBC59DF005E27BD /* AFNetworkReachabilityManager.m in Sources */,
				E5EADC611CBC1D9200676364 /* main.m in Sources */,
				E589B9031CBC59DF005E27BD /* AFSecurityPolicy.m in Sources */,
				E589B9041CBC59DF005E27BD /* AFURLRequestSerialization.m in Sources */,
				E52C68081CBC5DEF0058B156 /* MBProgressHUD.m in Sources */,
				E589B9051CBC59DF005E27BD /* AFURLResponseSerialization.m in Sources */,
				E589B9011CBC59DF005E27BD /* AFHTTPSessionManager.m in Sources */,
			);
			runOnlyForDeploymentPostprocessing = 0;
		};
		E5EADC701CBC1D9200676364 /* Sources */ = {
			isa = PBXSourcesBuildPhase;
			buildActionMask = 2147483647;
			files = (
				E5EADC7B1CBC1D9200676364 /* AcronymAssessmentTests.m in Sources */,
			);
			runOnlyForDeploymentPostprocessing = 0;
		};
/* End PBXSourcesBuildPhase section */

/* Begin PBXTargetDependency section */
		E5EADC761CBC1D9200676364 /* PBXTargetDependency */ = {
			isa = PBXTargetDependency;
			target = E5EADC5A1CBC1D9200676364 /* AcronymAssessment */;
			targetProxy = E5EADC751CBC1D9200676364 /* PBXContainerItemProxy */;
		};
/* End PBXTargetDependency section */

/* Begin PBXVariantGroup section */
		E5EADC681CBC1D9200676364 /* Main.storyboard */ = {
			isa = PBXVariantGroup;
			children = (
				E5EADC691CBC1D9200676364 /* Base */,
			);
			name = Main.storyboard;
			sourceTree = "<group>";
		};
		E5EADC6D1CBC1D9200676364 /* LaunchScreen.xib */ = {
			isa = PBXVariantGroup;
			children = (
				E5EADC6E1CBC1D9200676364 /* Base */,
			);
			name = LaunchScreen.xib;
			sourceTree = "<group>";
		};
/* End PBXVariantGroup section */

/* Begin XCBuildConfiguration section */
		E5EADC7C1CBC1D9200676364 /* Debug */ = {
			isa = XCBuildConfiguration;
			buildSettings = {
				ALWAYS_SEARCH_USER_PATHS = NO;
				CLANG_CXX_LANGUAGE_STANDARD = "gnu++0x";
				CLANG_CXX_LIBRARY = "libc++";
				CLANG_ENABLE_MODULES = YES;
				CLANG_ENABLE_OBJC_ARC = YES;
				CLANG_WARN_BOOL_CONVERSION = YES;
				CLANG_WARN_CONSTANT_CONVERSION = YES;
				CLANG_WARN_DIRECT_OBJC_ISA_USAGE = YES_ERROR;
				CLANG_WARN_EMPTY_BODY = YES;
				CLANG_WARN_ENUM_CONVERSION = YES;
				CLANG_WARN_INT_CONVERSION = YES;
				CLANG_WARN_OBJC_ROOT_CLASS = YES_ERROR;
				CLANG_WARN_UNREACHABLE_CODE = YES;
				CLANG_WARN__DUPLICATE_METHOD_MATCH = YES;
				"CODE_SIGN_IDENTITY[sdk=iphoneos*]" = "iPhone Developer";
				COPY_PHASE_STRIP = NO;
				DEBUG_INFORMATION_FORMAT = "dwarf-with-dsym";
				ENABLE_STRICT_OBJC_MSGSEND = YES;
				GCC_C_LANGUAGE_STANDARD = gnu99;
				GCC_DYNAMIC_NO_PIC = NO;
				GCC_NO_COMMON_BLOCKS = YES;
				GCC_OPTIMIZATION_LEVEL = 0;
				GCC_PREPROCESSOR_DEFINITIONS = (
					"DEBUG=1",
					"$(inherited)",
				);
				GCC_SYMBOLS_PRIVATE_EXTERN = NO;
				GCC_WARN_64_TO_32_BIT_CONVERSION = YES;
				GCC_WARN_ABOUT_RETURN_TYPE = YES_ERROR;
				GCC_WARN_UNDECLARED_SELECTOR = YES;
				GCC_WARN_UNINITIALIZED_AUTOS = YES_AGGRESSIVE;
				GCC_WARN_UNUSED_FUNCTION = YES;
				GCC_WARN_UNUSED_VARIABLE = YES;
				IPHONEOS_DEPLOYMENT_TARGET = 8.4;
				MTL_ENABLE_DEBUG_INFO = YES;
				ONLY_ACTIVE_ARCH = YES;
				SDKROOT = iphoneos;
				TARGETED_DEVICE_FAMILY = "1,2";
			};
			name = Debug;
		};
		E5EADC7D1CBC1D9200676364 /* Release */ = {
			isa = XCBuildConfiguration;
			buildSettings = {
				ALWAYS_SEARCH_USER_PATHS = NO;
				CLANG_CXX_LANGUAGE_STANDARD = "gnu++0x";
				CLANG_CXX_LIBRARY = "libc++";
				CLANG_ENABLE_MODULES = YES;
				CLANG_ENABLE_OBJC_ARC = YES;
				CLANG_WARN_BOOL_CONVERSION = YES;
				CLANG_WARN_CONSTANT_CONVERSION = YES;
				CLANG_WARN_DIRECT_OBJC_ISA_USAGE = YES_ERROR;
				CLANG_WARN_EMPTY_BODY = YES;
				CLANG_WARN_ENUM_CONVERSION = YES;
				CLANG_WARN_INT_CONVERSION = YES;
				CLANG_WARN_OBJC_ROOT_CLASS = YES_ERROR;
				CLANG_WARN_UNREACHABLE_CODE = YES;
				CLANG_WARN__DUPLICATE_METHOD_MATCH = YES;
				"CODE_SIGN_IDENTITY[sdk=iphoneos*]" = "iPhone Developer";
				COPY_PHASE_STRIP = NO;
				DEBUG_INFORMATION_FORMAT = "dwarf-with-dsym";
				ENABLE_NS_ASSERTIONS = NO;
				ENABLE_STRICT_OBJC_MSGSEND = YES;
				GCC_C_LANGUAGE_STANDARD = gnu99;
				GCC_NO_COMMON_BLOCKS = YES;
				GCC_WARN_64_TO_32_BIT_CONVERSION = YES;
				GCC_WARN_ABOUT_RETURN_TYPE = YES_ERROR;
				GCC_WARN_UNDECLARED_SELECTOR = YES;
				GCC_WARN_UNINITIALIZED_AUTOS = YES_AGGRESSIVE;
				GCC_WARN_UNUSED_FUNCTION = YES;
				GCC_WARN_UNUSED_VARIABLE = YES;
				IPHONEOS_DEPLOYMENT_TARGET = 8.4;
				MTL_ENABLE_DEBUG_INFO = NO;
				SDKROOT = iphoneos;
				TARGETED_DEVICE_FAMILY = "1,2";
				VALIDATE_PRODUCT = YES;
			};
			name = Release;
		};
		E5EADC7F1CBC1D9200676364 /* Debug */ = {
			isa = XCBuildConfiguration;
			buildSettings = {
				ASSETCATALOG_COMPILER_APPICON_NAME = AppIcon;
				INFOPLIST_FILE = AcronymAssessment/Info.plist;
				IPHONEOS_DEPLOYMENT_TARGET = 8.4;
				LD_RUNPATH_SEARCH_PATHS = "$(inherited) @executable_path/Frameworks";
				PRODUCT_NAME = "$(TARGET_NAME)";
				TARGETED_DEVICE_FAMILY = 1;
			};
			name = Debug;
		};
		E5EADC801CBC1D9200676364 /* Release */ = {
			isa = XCBuildConfiguration;
			buildSettings = {
				ASSETCATALOG_COMPILER_APPICON_NAME = AppIcon;
				INFOPLIST_FILE = AcronymAssessment/Info.plist;
				IPHONEOS_DEPLOYMENT_TARGET = 8.4;
				LD_RUNPATH_SEARCH_PATHS = "$(inherited) @executable_path/Frameworks";
				PRODUCT_NAME = "$(TARGET_NAME)";
				TARGETED_DEVICE_FAMILY = 1;
			};
			name = Release;
		};
		E5EADC821CBC1D9200676364 /* Debug */ = {
			isa = XCBuildConfiguration;
			buildSettings = {
				BUNDLE_LOADER = "$(TEST_HOST)";
				FRAMEWORK_SEARCH_PATHS = (
					"$(SDKROOT)/Developer/Library/Frameworks",
					"$(inherited)",
				);
				GCC_PREPROCESSOR_DEFINITIONS = (
					"DEBUG=1",
					"$(inherited)",
				);
				INFOPLIST_FILE = AcronymAssessmentTests/Info.plist;
				LD_RUNPATH_SEARCH_PATHS = "$(inherited) @executable_path/Frameworks @loader_path/Frameworks";
				PRODUCT_NAME = "$(TARGET_NAME)";
				TEST_HOST = "$(BUILT_PRODUCTS_DIR)/AcronymAssessment.app/AcronymAssessment";
			};
			name = Debug;
		};
		E5EADC831CBC1D9200676364 /* Release */ = {
			isa = XCBuildConfiguration;
			buildSettings = {
				BUNDLE_LOADER = "$(TEST_HOST)";
				FRAMEWORK_SEARCH_PATHS = (
					"$(SDKROOT)/Developer/Library/Frameworks",
					"$(inherited)",
				);
				INFOPLIST_FILE = AcronymAssessmentTests/Info.plist;
				LD_RUNPATH_SEARCH_PATHS = "$(inherited) @executable_path/Frameworks @loader_path/Frameworks";
				PRODUCT_NAME = "$(TARGET_NAME)";
				TEST_HOST = "$(BUILT_PRODUCTS_DIR)/AcronymAssessment.app/AcronymAssessment";
			};
			name = Release;
		};
/* End XCBuildConfiguration section */

/* Begin XCConfigurationList section */
		E5EADC561CBC1D9200676364 /* Build configuration list for PBXProject "AcronymAssessment" */ = {
			isa = XCConfigurationList;
			buildConfigurations = (
				E5EADC7C1CBC1D9200676364 /* Debug */,
				E5EADC7D1CBC1D9200676364 /* Release */,
			);
			defaultConfigurationIsVisible = 0;
			defaultConfigurationName = Release;
		};
		E5EADC7E1CBC1D9200676364 /* Build configuration list for PBXNativeTarget "AcronymAssessment" */ = {
			isa = XCConfigurationList;
			buildConfigurations = (
				E5EADC7F1CBC1D9200676364 /* Debug */,
				E5EADC801CBC1D9200676364 /* Release */,
			);
			defaultConfigurationIsVisible = 0;
			defaultConfigurationName = Release;
		};
		E5EADC811CBC1D9200676364 /* Build configuration list for PBXNativeTarget "AcronymAssessmentTests" */ = {
			isa = XCConfigurationList;
			buildConfigurations = (
				E5EADC821CBC1D9200676364 /* Debug */,
				E5EADC831CBC1D9200676364 /* Release */,
			);
			defaultConfigurationIsVisible = 0;
			defaultConfigurationName = Release;
		};
/* End XCConfigurationList section */
	};
	rootObject = E5EADC531CBC1D9200676364 /* Project object */;
}
